
Microsoft Visual Studio Solution File, Format Version 12.00
# Visual Studio Version 17
VisualStudioVersion = 17.8.34330.188
MinimumVisualStudioVersion = 10.0.40219.1
Project("{2150E333-8FDC-42A3-9474-1A3956D46DE8}") = "src", "src", "{ECA8BD5D-08F3-489E-81CB-C5820BEE9ED3}"
EndProject
Project("{2150E333-8FDC-42A3-9474-1A3956D46DE8}") = "test", "test", "{05A9F769-289E-455A-861B-0BE6D1DA1CA4}"
EndProject
Project("{2150E333-8FDC-42A3-9474-1A3956D46DE8}") = "API", "API", "{233397CC-35B1-4753-980D-2C954337AF64}"
EndProject
Project("{2150E333-8FDC-42A3-9474-1A3956D46DE8}") = "UI", "UI", "{D08A208A-87F5-4309-96EA-3E42EA56ABC5}"
EndProject
Project("{2150E333-8FDC-42A3-9474-1A3956D46DE8}") = "Core", "Core", "{8EC9B1E9-F6B4-4DFD-B071-6EAAAE1C2504}"
EndProject
Project("{FAE04EC0-301F-11D3-BF4B-00C04F79EFBC}") = "Application", "Application\Application.csproj", "{5741E9E3-57A2-4BBF-957D-EBF0EE178CA2}"
EndProject
Project("{FAE04EC0-301F-11D3-BF4B-00C04F79EFBC}") = "Domain", "Domain\Domain.csproj", "{F77ADC38-E1C4-4534-83A7-91BEE99D0E17}"
EndProject
Project("{2150E333-8FDC-42A3-9474-1A3956D46DE8}") = "Infrastructure", "Infrastructure", "{3F78EBB1-1799-45DA-BD90-8443B30716C8}"
EndProject
Project("{FAE04EC0-301F-11D3-BF4B-00C04F79EFBC}") = "Identity", "Identity\Identity.csproj", "{6673C7FF-644A-45F4-8115-AA557CC87816}"
EndProject
Project("{FAE04EC0-301F-11D3-BF4B-00C04F79EFBC}") = "Infrastructure", "Infrastructure\Infrastructure.csproj", "{604402F9-3308-4F88-B476-844E1EB1A339}"
EndProject
Project("{FAE04EC0-301F-11D3-BF4B-00C04F79EFBC}") = "Persistence", "Persistence\Persistence.csproj", "{0A996774-6692-4042-8AAD-E1E6665C8FED}"
EndProject
Project("{FAE04EC0-301F-11D3-BF4B-00C04F79EFBC}") = "Services", "Services\Services.csproj", "{392DCF87-EAEF-4C57-BEBF-5013BDFAC324}"
EndProject
Project("{FAE04EC0-301F-11D3-BF4B-00C04F79EFBC}") = "Application.NUnitTests", "Application.NUnitTests\Application.NUnitTests.csproj", "{5716596F-9568-4303-BD9C-19793945D26D}"
EndProject
Project("{FAE04EC0-301F-11D3-BF4B-00C04F79EFBC}") = "Persistence.IntegrationNUnitTests", "Persistence.IntegrationNUnitTests\Persistence.IntegrationNUnitTests.csproj", "{E84F9667-3F65-4B01-AB61-2B577BC8BAF7}"
EndProject
Global
	GlobalSection(SolutionConfigurationPlatforms) = preSolution
		Debug|Any CPU = Debug|Any CPU
		Release|Any CPU = Release|Any CPU
	EndGlobalSection
	GlobalSection(ProjectConfigurationPlatforms) = postSolution
		{5741E9E3-57A2-4BBF-957D-EBF0EE178CA2}.Debug|Any CPU.ActiveCfg = Debug|Any CPU
		{5741E9E3-57A2-4BBF-957D-EBF0EE178CA2}.Debug|Any CPU.Build.0 = Debug|Any CPU
		{5741E9E3-57A2-4BBF-957D-EBF0EE178CA2}.Release|Any CPU.ActiveCfg = Release|Any CPU
		{5741E9E3-57A2-4BBF-957D-EBF0EE178CA2}.Release|Any CPU.Build.0 = Release|Any CPU
		{F77ADC38-E1C4-4534-83A7-91BEE99D0E17}.Debug|Any CPU.ActiveCfg = Debug|Any CPU
		{F77ADC38-E1C4-4534-83A7-91BEE99D0E17}.Debug|Any CPU.Build.0 = Debug|Any CPU
		{F77ADC38-E1C4-4534-83A7-91BEE99D0E17}.Release|Any CPU.ActiveCfg = Release|Any CPU
		{F77ADC38-E1C4-4534-83A7-91BEE99D0E17}.Release|Any CPU.Build.0 = Release|Any CPU
		{6673C7FF-644A-45F4-8115-AA557CC87816}.Debug|Any CPU.ActiveCfg = Debug|Any CPU
		{6673C7FF-644A-45F4-8115-AA557CC87816}.Debug|Any CPU.Build.0 = Debug|Any CPU
		{6673C7FF-644A-45F4-8115-AA557CC87816}.Release|Any CPU.ActiveCfg = Release|Any CPU
		{6673C7FF-644A-45F4-8115-AA557CC87816}.Release|Any CPU.Build.0 = Release|Any CPU
		{604402F9-3308-4F88-B476-844E1EB1A339}.Debug|Any CPU.ActiveCfg = Debug|Any CPU
		{604402F9-3308-4F88-B476-844E1EB1A339}.Debug|Any CPU.Build.0 = Debug|Any CPU
		{604402F9-3308-4F88-B476-844E1EB1A339}.Release|Any CPU.ActiveCfg = Release|Any CPU
		{604402F9-3308-4F88-B476-844E1EB1A339}.Release|Any CPU.Build.0 = Release|Any CPU
		{0A996774-6692-4042-8AAD-E1E6665C8FED}.Debug|Any CPU.ActiveCfg = Debug|Any CPU
		{0A996774-6692-4042-8AAD-E1E6665C8FED}.Debug|Any CPU.Build.0 = Debug|Any CPU
		{0A996774-6692-4042-8AAD-E1E6665C8FED}.Release|Any CPU.ActiveCfg = Release|Any CPU
		{0A996774-6692-4042-8AAD-E1E6665C8FED}.Release|Any CPU.Build.0 = Release|Any CPU
		{392DCF87-EAEF-4C57-BEBF-5013BDFAC324}.Debug|Any CPU.ActiveCfg = Debug|Any CPU
		{392DCF87-EAEF-4C57-BEBF-5013BDFAC324}.Debug|Any CPU.Build.0 = Debug|Any CPU
		{392DCF87-EAEF-4C57-BEBF-5013BDFAC324}.Release|Any CPU.ActiveCfg = Release|Any CPU
		{392DCF87-EAEF-4C57-BEBF-5013BDFAC324}.Release|Any CPU.Build.0 = Release|Any CPU
		{5716596F-9568-4303-BD9C-19793945D26D}.Debug|Any CPU.ActiveCfg = Debug|Any CPU
		{5716596F-9568-4303-BD9C-19793945D26D}.Debug|Any CPU.Build.0 = Debug|Any CPU
		{5716596F-9568-4303-BD9C-19793945D26D}.Release|Any CPU.ActiveCfg = Release|Any CPU
		{5716596F-9568-4303-BD9C-19793945D26D}.Release|Any CPU.Build.0 = Release|Any CPU
		{E84F9667-3F65-4B01-AB61-2B577BC8BAF7}.Debug|Any CPU.ActiveCfg = Debug|Any CPU
		{E84F9667-3F65-4B01-AB61-2B577BC8BAF7}.Debug|Any CPU.Build.0 = Debug|Any CPU
		{E84F9667-3F65-4B01-AB61-2B577BC8BAF7}.Release|Any CPU.ActiveCfg = Release|Any CPU
		{E84F9667-3F65-4B01-AB61-2B577BC8BAF7}.Release|Any CPU.Build.0 = Release|Any CPU
	EndGlobalSection
	GlobalSection(SolutionProperties) = preSolution
		HideSolutionNode = FALSE
	EndGlobalSection
	GlobalSection(NestedProjects) = preSolution
		{233397CC-35B1-4753-980D-2C954337AF64} = {ECA8BD5D-08F3-489E-81CB-C5820BEE9ED3}
		{D08A208A-87F5-4309-96EA-3E42EA56ABC5} = {ECA8BD5D-08F3-489E-81CB-C5820BEE9ED3}
		{8EC9B1E9-F6B4-4DFD-B071-6EAAAE1C2504} = {ECA8BD5D-08F3-489E-81CB-C5820BEE9ED3}
		{5741E9E3-57A2-4BBF-957D-EBF0EE178CA2} = {8EC9B1E9-F6B4-4DFD-B071-6EAAAE1C2504}
		{F77ADC38-E1C4-4534-83A7-91BEE99D0E17} = {8EC9B1E9-F6B4-4DFD-B071-6EAAAE1C2504}
		{3F78EBB1-1799-45DA-BD90-8443B30716C8} = {ECA8BD5D-08F3-489E-81CB-C5820BEE9ED3}
		{6673C7FF-644A-45F4-8115-AA557CC87816} = {3F78EBB1-1799-45DA-BD90-8443B30716C8}
		{604402F9-3308-4F88-B476-844E1EB1A339} = {3F78EBB1-1799-45DA-BD90-8443B30716C8}
		{0A996774-6692-4042-8AAD-E1E6665C8FED} = {3F78EBB1-1799-45DA-BD90-8443B30716C8}
		{392DCF87-EAEF-4C57-BEBF-5013BDFAC324} = {3F78EBB1-1799-45DA-BD90-8443B30716C8}
		{5716596F-9568-4303-BD9C-19793945D26D} = {05A9F769-289E-455A-861B-0BE6D1DA1CA4}
		{E84F9667-3F65-4B01-AB61-2B577BC8BAF7} = {05A9F769-289E-455A-861B-0BE6D1DA1CA4}
	EndGlobalSection
	GlobalSection(ExtensibilityGlobals) = postSolution
		SolutionGuid = {60DC9AEA-E411-4FA7-890B-73FF77E005BD}
	EndGlobalSection
EndGlobal
